Microsoft Visual Studio Solution File, Format Version 12.00
# Visual Studio 2012
Project("{FAE04EC0-301F-11D3-BF4B-00C04F79EFBC}") = "Arduino-jetpack", "Arduino-jetpack.csproj", "{0ED88B13-F8CC-4D26-9374-A40E91646373}"
EndProject
Global
	GlobalSection(SolutionConfigurationPlatforms) = preSolution
	Debug|Any CPU = Debug|Any CPU
	Release|Any CPU = Release|Any CPU
	Tools|Any CPU = Tools|Any CPU
	EndGlobalSection
	GlobalSection(ProjectConfigurationPlatforms) = postSolution
		{0ED88B13-F8CC-4D26-9374-A40E91646373}.Debug|Any CPU.ActiveCfg = Debug|Any CPU
		{0ED88B13-F8CC-4D26-9374-A40E91646373}.Debug|Any CPU.Build.0 = Debug|Any CPU
		{0ED88B13-F8CC-4D26-9374-A40E91646373}.Release|Any CPU.ActiveCfg = Release|Any CPU
		{0ED88B13-F8CC-4D26-9374-A40E91646373}.Release|Any CPU.Build.0 = Release|Any CPU
		{0ED88B13-F8CC-4D26-9374-A40E91646373}.Tools|Any CPU.ActiveCfg = Tools|Any CPU
		{0ED88B13-F8CC-4D26-9374-A40E91646373}.Tools|Any CPU.Build.0 = Tools|Any CPU
	EndGlobalSection
EndGlobal
